<?xml version="1.0" encoding="utf-8"?>
<Project ToolsVersion="4.0" xmlns="http://schemas.microsoft.com/developer/msbuild/2003">
  <ItemGroup>
    <ClCompile Include="..\common\application_win.cc">
      <Filter>src\vue</Filter>
    </ClCompile>
    <ClCompile Include="main.cc">
      <Filter>src\vue</Filter>
    </ClCompile>
    <ClCompile Include="..\common\view_win.cc">
      <Filter>src\vue</Filter>
    </ClCompile>
    <ClCompile Include="db.cpp">
      <Filter>src\db</Filter>
    </ClCompile>
    <ClCompile Include="pokemon.cpp">
      <Filter>src\object</Filter>
    </ClCompile>
    <ClCompile Include="comparator.cpp">
      <Filter>src\stats</Filter>
    </ClCompile>
  </ItemGroup>
  <ItemGroup>
    <Filter Include="src">
      <UniqueIdentifier>{f3f5b01d-66bd-4fd8-8800-6295a5fe31c9}</UniqueIdentifier>
    </Filter>
    <Filter Include="src\object">
      <UniqueIdentifier>{cb8b138c-1704-49ed-911c-5e94c7881141}</UniqueIdentifier>
    </Filter>
    <Filter Include="src\vue">
      <UniqueIdentifier>{62cee553-2dbd-4ec8-b5f7-58f5dd37c06e}</UniqueIdentifier>
    </Filter>
    <Filter Include="src\vue\html">
      <UniqueIdentifier>{8db8f370-58ce-4198-a52a-edfd5ade1181}</UniqueIdentifier>
    </Filter>
    <Filter Include="src\db">
      <UniqueIdentifier>{3b5eb41f-03b3-4e6d-b396-995e77724dfc}</UniqueIdentifier>
    </Filter>
    <Filter Include="src\build">
      <UniqueIdentifier>{73b25345-2d5f-4d32-a8b9-939a63282ecb}</UniqueIdentifier>
    </Filter>
    <Filter Include="src\stats">
      <UniqueIdentifier>{71be0ea4-4179-419a-9c4b-695852a07107}</UniqueIdentifier>
    </Filter>
    <Filter Include="src\adds">
      <UniqueIdentifier>{81117a25-a769-4dee-b3d6-52b04d3c4cfe}</UniqueIdentifier>
    </Filter>
    <Filter Include="src\vue\html\script">
      <UniqueIdentifier>{ba9133ba-24b5-4643-976e-b42eeed8eabf}</UniqueIdentifier>
    </Filter>
    <Filter Include="src\img">
      <UniqueIdentifier>{e1c30003-0bf2-46c1-a94f-ce8c1462ff41}</UniqueIdentifier>
    </Filter>
  </ItemGroup>
  <ItemGroup>
    <None Include="ajouter.html">
      <Filter>src\vue\html</Filter>
    </None>
    <None Include="fnord.html">
      <Filter>src\vue\html</Filter>
    </None>
    <None Include="index.html">
      <Filter>src\vue\html</Filter>
    </None>
    <None Include="main.css">
      <Filter>src\vue\html</Filter>
    </None>
    <None Include="reset.css">
      <Filter>src\vue\html</Filter>
    </None>
    <None Include="..\build\bin\ajouter.html">
      <Filter>src\build</Filter>
    </None>
    <None Include="..\build\bin\avcodec-53.dll">
      <Filter>src\build</Filter>
    </None>
    <None Include="..\build\bin\avformat-53.dll">
      <Filter>src\build</Filter>
    </None>
    <None Include="..\build\bin\avutil-51.dll">
      <Filter>src\build</Filter>
    </None>
    <None Include="..\build\bin\awesomium.dll">
      <Filter>src\build</Filter>
    </None>
    <None Include="..\build\bin\awesomium_process.exe">
      <Filter>src\build</Filter>
    </None>
    <None Include="..\build\bin\icudt.dll">
      <Filter>src\build</Filter>
    </None>
    <None Include="..\build\bin\index.html">
      <Filter>src\build</Filter>
    </None>
    <None Include="..\build\bin\jquery.js">
      <Filter>src\build</Filter>
    </None>
    <None Include="..\build\bin\json.js">
      <Filter>src\build</Filter>
    </None>
    <None Include="..\build\bin\libEGL.dll">
      <Filter>src\build</Filter>
    </None>
    <None Include="..\build\bin\libGLESv2.dll">
      <Filter>src\build</Filter>
    </None>
    <None Include="..\build\bin\main.css">
      <Filter>src\build</Filter>
    </None>
    <None Include="..\build\bin\main.js">
      <Filter>src\build</Filter>
    </None>
    <None Include="..\build\bin\pokedex.db">
      <Filter>src\build</Filter>
    </None>
    <None Include="..\build\bin\reset.css">
      <Filter>src\build</Filter>
    </None>
    <None Include="..\build\bin\xinput9_1_0.dll">
      <Filter>src\build</Filter>
    </None>
    <None Include="comparer.html">
      <Filter>src\vue\html</Filter>
    </None>
    <None Include="comparaison.html">
      <Filter>src\vue\html</Filter>
    </None>
    <None Include="..\common\application_mac.mm">
      <Filter>src\adds</Filter>
    </None>
    <None Include="..\common\view_mac.mm">
      <Filter>src\adds</Filter>
    </None>
    <None Include="json.js">
      <Filter>src\vue\html\script</Filter>
    </None>
    <None Include="jquery.js">
      <Filter>src\vue\html\script</Filter>
    </None>
    <None Include="main.js">
      <Filter>src\vue\html\script</Filter>
    </None>
    <None Include="texte.js">
      <Filter>src\vue\html\script</Filter>
    </None>
    <None Include="pokemon_fonction.js">
      <Filter>src\vue\html\script</Filter>
    </None>
    <None Include="..\build\bin\comparaison.html">
      <Filter>src\build</Filter>
    </None>
    <None Include="..\build\bin\comparer.html">
      <Filter>src\build</Filter>
    </None>
    <None Include="..\build\bin\pokemon_fonction.js">
      <Filter>src\build</Filter>
    </None>
    <None Include="..\build\bin\texte.js">
      <Filter>src\build</Filter>
    </None>
    <None Include="pokedex.db">
      <Filter>src\adds</Filter>
    </None>
    <None Include="loadingscreen.html">
      <Filter>src\vue\html</Filter>
    </None>
    <None Include="..\build\bin\loadingscreen.html">
      <Filter>src\build</Filter>
    </None>
    <None Include="..\build\bin\prof philou%27s pokedex.ilk">
      <Filter>src\build</Filter>
    </None>
    <None Include="..\build\bin\prof philou%27s pokedex.exe">
      <Filter>src\build</Filter>
    </None>
    <None Include="..\build\bin\prof philou%27s pokedex.pdb">
      <Filter>src\build</Filter>
    </None>
    <None Include="404.html">
      <Filter>src\vue\html</Filter>
    </None>
    <None Include="test.html">
      <Filter>src\vue\html</Filter>
    </None>
  </ItemGroup>
  <ItemGroup>
    <ClInclude Include="nature.h">
      <Filter>src\object</Filter>
    </ClInclude>
    <ClInclude Include="type.h">
      <Filter>src\object</Filter>
    </ClInclude>
    <ClInclude Include="db.h">
      <Filter>src\db</Filter>
    </ClInclude>
    <ClInclude Include="pokemon.h">
      <Filter>src\object</Filter>
    </ClInclude>
    <ClInclude Include="resource.h" />
    <ClInclude Include="comparator.h">
      <Filter>src\stats</Filter>
    </ClInclude>
    <ClInclude Include="json.hpp">
      <Filter>src\adds</Filter>
    </ClInclude>
    <ClInclude Include="..\common\application.h">
      <Filter>src\adds</Filter>
    </ClInclude>
    <ClInclude Include="..\common\js_delegate.h">
      <Filter>src\adds</Filter>
    </ClInclude>
    <ClInclude Include="..\common\method_dispatcher.h">
      <Filter>src\adds</Filter>
    </ClInclude>
    <ClInclude Include="..\common\view.h">
      <Filter>src\adds</Filter>
    </ClInclude>
    <ClInclude Include="info.h">
      <Filter>src\db</Filter>
    </ClInclude>
  </ItemGroup>
  <ItemGroup>
    <ResourceCompile Include="prof phil pokedex.rc" />
  </ItemGroup>
  <ItemGroup>
    <Image Include="ppp.ico" />
    <Image Include="1.png">
      <Filter>src\img</Filter>
    </Image>
    <Image Include="2.png">
      <Filter>src\img</Filter>
    </Image>
    <Image Include="3.png">
      <Filter>src\img</Filter>
    </Image>
    <Image Include="4.png">
      <Filter>src\img</Filter>
    </Image>
    <Image Include="5.png">
      <Filter>src\img</Filter>
    </Image>
    <Image Include="6.png">
      <Filter>src\img</Filter>
    </Image>
    <Image Include="7.png">
      <Filter>src\img</Filter>
    </Image>
    <Image Include="8.png">
      <Filter>src\img</Filter>
    </Image>
    <Image Include="9.png">
      <Filter>src\img</Filter>
    </Image>
    <Image Include="10.png">
      <Filter>src\img</Filter>
    </Image>
    <Image Include="11.png">
      <Filter>src\img</Filter>
    </Image>
    <Image Include="12.png">
      <Filter>src\img</Filter>
    </Image>
    <Image Include="13.png">
      <Filter>src\img</Filter>
    </Image>
    <Image Include="14.png">
      <Filter>src\img</Filter>
    </Image>
    <Image Include="15.png">
      <Filter>src\img</Filter>
    </Image>
    <Image Include="16.png">
      <Filter>src\img</Filter>
    </Image>
    <Image Include="17.png">
      <Filter>src\img</Filter>
    </Image>
    <Image Include="18.png">
      <Filter>src\img</Filter>
    </Image>
    <Image Include="19.png">
      <Filter>src\img</Filter>
    </Image>
    <Image Include="20.png">
      <Filter>src\img</Filter>
    </Image>
    <Image Include="21.png">
      <Filter>src\img</Filter>
    </Image>
    <Image Include="22.png">
      <Filter>src\img</Filter>
    </Image>
    <Image Include="23.png">
      <Filter>src\img</Filter>
    </Image>
    <Image Include="24.png">
      <Filter>src\img</Filter>
    </Image>
    <Image Include="25.png">
      <Filter>src\img</Filter>
    </Image>
    <Image Include="26.png">
      <Filter>src\img</Filter>
    </Image>
    <Image Include="27.png">
      <Filter>src\img</Filter>
    </Image>
    <Image Include="28.png">
      <Filter>src\img</Filter>
    </Image>
    <Image Include="29.png">
      <Filter>src\img</Filter>
    </Image>
    <Image Include="30.png">
      <Filter>src\img</Filter>
    </Image>
    <Image Include="31.png">
      <Filter>src\img</Filter>
    </Image>
    <Image Include="32.png">
      <Filter>src\img</Filter>
    </Image>
    <Image Include="33.png">
      <Filter>src\img</Filter>
    </Image>
    <Image Include="34.png">
      <Filter>src\img</Filter>
    </Image>
    <Image Include="35.png">
      <Filter>src\img</Filter>
    </Image>
    <Image Include="36.png">
      <Filter>src\img</Filter>
    </Image>
    <Image Include="37.png">
      <Filter>src\img</Filter>
    </Image>
    <Image Include="38.png">
      <Filter>src\img</Filter>
    </Image>
    <Image Include="39.png">
      <Filter>src\img</Filter>
    </Image>
    <Image Include="40.png">
      <Filter>src\img</Filter>
    </Image>
    <Image Include="41.png">
      <Filter>src\img</Filter>
    </Image>
    <Image Include="42.png">
      <Filter>src\img</Filter>
    </Image>
    <Image Include="43.png">
      <Filter>src\img</Filter>
    </Image>
    <Image Include="44.png">
      <Filter>src\img</Filter>
    </Image>
    <Image Include="45.png">
      <Filter>src\img</Filter>
    </Image>
    <Image Include="46.png">
      <Filter>src\img</Filter>
    </Image>
    <Image Include="47.png">
      <Filter>src\img</Filter>
    </Image>
    <Image Include="48.png">
      <Filter>src\img</Filter>
    </Image>
    <Image Include="49.png">
      <Filter>src\img</Filter>
    </Image>
    <Image Include="50.png">
      <Filter>src\img</Filter>
    </Image>
    <Image Include="51.png">
      <Filter>src\img</Filter>
    </Image>
    <Image Include="52.png">
      <Filter>src\img</Filter>
    </Image>
    <Image Include="53.png">
      <Filter>src\img</Filter>
    </Image>
    <Image Include="54.png">
      <Filter>src\img</Filter>
    </Image>
    <Image Include="55.png">
      <Filter>src\img</Filter>
    </Image>
    <Image Include="56.png">
      <Filter>src\img</Filter>
    </Image>
    <Image Include="57.png">
      <Filter>src\img</Filter>
    </Image>
    <Image Include="58.png">
      <Filter>src\img</Filter>
    </Image>
    <Image Include="59.png">
      <Filter>src\img</Filter>
    </Image>
    <Image Include="60.png">
      <Filter>src\img</Filter>
    </Image>
    <Image Include="61.png">
      <Filter>src\img</Filter>
    </Image>
    <Image Include="62.png">
      <Filter>src\img</Filter>
    </Image>
    <Image Include="63.png">
      <Filter>src\img</Filter>
    </Image>
    <Image Include="64.png">
      <Filter>src\img</Filter>
    </Image>
    <Image Include="65.png">
      <Filter>src\img</Filter>
    </Image>
    <Image Include="66.png">
      <Filter>src\img</Filter>
    </Image>
    <Image Include="67.png">
      <Filter>src\img</Filter>
    </Image>
    <Image Include="68.png">
      <Filter>src\img</Filter>
    </Image>
    <Image Include="69.png">
      <Filter>src\img</Filter>
    </Image>
    <Image Include="70.png">
      <Filter>src\img</Filter>
    </Image>
    <Image Include="71.png">
      <Filter>src\img</Filter>
    </Image>
    <Image Include="72.png">
      <Filter>src\img</Filter>
    </Image>
    <Image Include="73.png">
      <Filter>src\img</Filter>
    </Image>
    <Image Include="74.png">
      <Filter>src\img</Filter>
    </Image>
    <Image Include="75.png">
      <Filter>src\img</Filter>
    </Image>
    <Image Include="76.png">
      <Filter>src\img</Filter>
    </Image>
    <Image Include="77.png">
      <Filter>src\img</Filter>
    </Image>
    <Image Include="78.png">
      <Filter>src\img</Filter>
    </Image>
    <Image Include="79.png">
      <Filter>src\img</Filter>
    </Image>
    <Image Include="80.png">
      <Filter>src\img</Filter>
    </Image>
    <Image Include="81.png">
      <Filter>src\img</Filter>
    </Image>
    <Image Include="82.png">
      <Filter>src\img</Filter>
    </Image>
    <Image Include="83.png">
      <Filter>src\img</Filter>
    </Image>
    <Image Include="84.png">
      <Filter>src\img</Filter>
    </Image>
    <Image Include="85.png">
      <Filter>src\img</Filter>
    </Image>
    <Image Include="86.png">
      <Filter>src\img</Filter>
    </Image>
    <Image Include="87.png">
      <Filter>src\img</Filter>
    </Image>
    <Image Include="88.png">
      <Filter>src\img</Filter>
    </Image>
    <Image Include="89.png">
      <Filter>src\img</Filter>
    </Image>
    <Image Include="90.png">
      <Filter>src\img</Filter>
    </Image>
    <Image Include="91.png">
      <Filter>src\img</Filter>
    </Image>
    <Image Include="92.png">
      <Filter>src\img</Filter>
    </Image>
    <Image Include="93.png">
      <Filter>src\img</Filter>
    </Image>
    <Image Include="94.png">
      <Filter>src\img</Filter>
    </Image>
    <Image Include="95.png">
      <Filter>src\img</Filter>
    </Image>
    <Image Include="96.png">
      <Filter>src\img</Filter>
    </Image>
    <Image Include="97.png">
      <Filter>src\img</Filter>
    </Image>
    <Image Include="98.png">
      <Filter>src\img</Filter>
    </Image>
    <Image Include="99.png">
      <Filter>src\img</Filter>
    </Image>
    <Image Include="100.png">
      <Filter>src\img</Filter>
    </Image>
    <Image Include="101.png">
      <Filter>src\img</Filter>
    </Image>
    <Image Include="102.png">
      <Filter>src\img</Filter>
    </Image>
    <Image Include="103.png">
      <Filter>src\img</Filter>
    </Image>
    <Image Include="104.png">
      <Filter>src\img</Filter>
    </Image>
    <Image Include="105.png">
      <Filter>src\img</Filter>
    </Image>
    <Image Include="106.png">
      <Filter>src\img</Filter>
    </Image>
    <Image Include="107.png">
      <Filter>src\img</Filter>
    </Image>
    <Image Include="108.png">
      <Filter>src\img</Filter>
    </Image>
    <Image Include="109.png">
      <Filter>src\img</Filter>
    </Image>
    <Image Include="110.png">
      <Filter>src\img</Filter>
    </Image>
    <Image Include="111.png">
      <Filter>src\img</Filter>
    </Image>
    <Image Include="112.png">
      <Filter>src\img</Filter>
    </Image>
    <Image Include="113.png">
      <Filter>src\img</Filter>
    </Image>
    <Image Include="114.png">
      <Filter>src\img</Filter>
    </Image>
    <Image Include="115.png">
      <Filter>src\img</Filter>
    </Image>
    <Image Include="116.png">
      <Filter>src\img</Filter>
    </Image>
    <Image Include="117.png">
      <Filter>src\img</Filter>
    </Image>
    <Image Include="118.png">
      <Filter>src\img</Filter>
    </Image>
    <Image Include="119.png">
      <Filter>src\img</Filter>
    </Image>
    <Image Include="120.png">
      <Filter>src\img</Filter>
    </Image>
    <Image Include="121.png">
      <Filter>src\img</Filter>
    </Image>
    <Image Include="122.png">
      <Filter>src\img</Filter>
    </Image>
    <Image Include="123.png">
      <Filter>src\img</Filter>
    </Image>
    <Image Include="124.png">
      <Filter>src\img</Filter>
    </Image>
    <Image Include="125.png">
      <Filter>src\img</Filter>
    </Image>
    <Image Include="126.png">
      <Filter>src\img</Filter>
    </Image>
    <Image Include="127.png">
      <Filter>src\img</Filter>
    </Image>
    <Image Include="128.png">
      <Filter>src\img</Filter>
    </Image>
    <Image Include="129.png">
      <Filter>src\img</Filter>
    </Image>
    <Image Include="130.png">
      <Filter>src\img</Filter>
    </Image>
    <Image Include="131.png">
      <Filter>src\img</Filter>
    </Image>
    <Image Include="132.png">
      <Filter>src\img</Filter>
    </Image>
    <Image Include="133.png">
      <Filter>src\img</Filter>
    </Image>
    <Image Include="134.png">
      <Filter>src\img</Filter>
    </Image>
    <Image Include="135.png">
      <Filter>src\img</Filter>
    </Image>
    <Image Include="136.png">
      <Filter>src\img</Filter>
    </Image>
    <Image Include="137.png">
      <Filter>src\img</Filter>
    </Image>
    <Image Include="138.png">
      <Filter>src\img</Filter>
    </Image>
    <Image Include="139.png">
      <Filter>src\img</Filter>
    </Image>
    <Image Include="140.png">
      <Filter>src\img</Filter>
    </Image>
    <Image Include="141.png">
      <Filter>src\img</Filter>
    </Image>
    <Image Include="142.png">
      <Filter>src\img</Filter>
    </Image>
    <Image Include="143.png">
      <Filter>src\img</Filter>
    </Image>
    <Image Include="144.png">
      <Filter>src\img</Filter>
    </Image>
    <Image Include="145.png">
      <Filter>src\img</Filter>
    </Image>
    <Image Include="146.png">
      <Filter>src\img</Filter>
    </Image>
    <Image Include="147.png">
      <Filter>src\img</Filter>
    </Image>
    <Image Include="148.png">
      <Filter>src\img</Filter>
    </Image>
    <Image Include="149.png">
      <Filter>src\img</Filter>
    </Image>
    <Image Include="150.png">
      <Filter>src\img</Filter>
    </Image>
    <Image Include="151.png">
      <Filter>src\img</Filter>
    </Image>
    <Image Include="152.png">
      <Filter>src\img</Filter>
    </Image>
    <Image Include="153.png">
      <Filter>src\img</Filter>
    </Image>
    <Image Include="154.png">
      <Filter>src\img</Filter>
    </Image>
    <Image Include="155.png">
      <Filter>src\img</Filter>
    </Image>
    <Image Include="156.png">
      <Filter>src\img</Filter>
    </Image>
    <Image Include="157.png">
      <Filter>src\img</Filter>
    </Image>
    <Image Include="158.png">
      <Filter>src\img</Filter>
    </Image>
    <Image Include="159.png">
      <Filter>src\img</Filter>
    </Image>
    <Image Include="160.png">
      <Filter>src\img</Filter>
    </Image>
    <Image Include="161.png">
      <Filter>src\img</Filter>
    </Image>
    <Image Include="162.png">
      <Filter>src\img</Filter>
    </Image>
    <Image Include="163.png">
      <Filter>src\img</Filter>
    </Image>
    <Image Include="164.png">
      <Filter>src\img</Filter>
    </Image>
    <Image Include="165.png">
      <Filter>src\img</Filter>
    </Image>
    <Image Include="166.png">
      <Filter>src\img</Filter>
    </Image>
    <Image Include="167.png">
      <Filter>src\img</Filter>
    </Image>
    <Image Include="168.png">
      <Filter>src\img</Filter>
    </Image>
    <Image Include="169.png">
      <Filter>src\img</Filter>
    </Image>
    <Image Include="170.png">
      <Filter>src\img</Filter>
    </Image>
    <Image Include="171.png">
      <Filter>src\img</Filter>
    </Image>
    <Image Include="172.png">
      <Filter>src\img</Filter>
    </Image>
    <Image Include="173.png">
      <Filter>src\img</Filter>
    </Image>
    <Image Include="174.png">
      <Filter>src\img</Filter>
    </Image>
    <Image Include="175.png">
      <Filter>src\img</Filter>
    </Image>
    <Image Include="176.png">
      <Filter>src\img</Filter>
    </Image>
    <Image Include="177.png">
      <Filter>src\img</Filter>
    </Image>
    <Image Include="178.png">
      <Filter>src\img</Filter>
    </Image>
    <Image Include="179.png">
      <Filter>src\img</Filter>
    </Image>
    <Image Include="180.png">
      <Filter>src\img</Filter>
    </Image>
    <Image Include="181.png">
      <Filter>src\img</Filter>
    </Image>
    <Image Include="182.png">
      <Filter>src\img</Filter>
    </Image>
    <Image Include="183.png">
      <Filter>src\img</Filter>
    </Image>
    <Image Include="184.png">
      <Filter>src\img</Filter>
    </Image>
    <Image Include="185.png">
      <Filter>src\img</Filter>
    </Image>
    <Image Include="186.png">
      <Filter>src\img</Filter>
    </Image>
    <Image Include="187.png">
      <Filter>src\img</Filter>
    </Image>
    <Image Include="188.png">
      <Filter>src\img</Filter>
    </Image>
    <Image Include="189.png">
      <Filter>src\img</Filter>
    </Image>
    <Image Include="190.png">
      <Filter>src\img</Filter>
    </Image>
    <Image Include="191.png">
      <Filter>src\img</Filter>
    </Image>
    <Image Include="192.png">
      <Filter>src\img</Filter>
    </Image>
    <Image Include="193.png">
      <Filter>src\img</Filter>
    </Image>
    <Image Include="194.png">
      <Filter>src\img</Filter>
    </Image>
    <Image Include="195.png">
      <Filter>src\img</Filter>
    </Image>
    <Image Include="196.png">
      <Filter>src\img</Filter>
    </Image>
    <Image Include="197.png">
      <Filter>src\img</Filter>
    </Image>
    <Image Include="198.png">
      <Filter>src\img</Filter>
    </Image>
    <Image Include="199.png">
      <Filter>src\img</Filter>
    </Image>
    <Image Include="200.png">
      <Filter>src\img</Filter>
    </Image>
    <Image Include="201.png">
      <Filter>src\img</Filter>
    </Image>
    <Image Include="202.png">
      <Filter>src\img</Filter>
    </Image>
    <Image Include="203.png">
      <Filter>src\img</Filter>
    </Image>
    <Image Include="204.png">
      <Filter>src\img</Filter>
    </Image>
    <Image Include="205.png">
      <Filter>src\img</Filter>
    </Image>
    <Image Include="206.png">
      <Filter>src\img</Filter>
    </Image>
    <Image Include="207.png">
      <Filter>src\img</Filter>
    </Image>
    <Image Include="208.png">
      <Filter>src\img</Filter>
    </Image>
    <Image Include="209.png">
      <Filter>src\img</Filter>
    </Image>
    <Image Include="210.png">
      <Filter>src\img</Filter>
    </Image>
    <Image Include="211.png">
      <Filter>src\img</Filter>
    </Image>
    <Image Include="212.png">
      <Filter>src\img</Filter>
    </Image>
    <Image Include="213.png">
      <Filter>src\img</Filter>
    </Image>
    <Image Include="214.png">
      <Filter>src\img</Filter>
    </Image>
    <Image Include="215.png">
      <Filter>src\img</Filter>
    </Image>
    <Image Include="216.png">
      <Filter>src\img</Filter>
    </Image>
    <Image Include="217.png">
      <Filter>src\img</Filter>
    </Image>
    <Image Include="218.png">
      <Filter>src\img</Filter>
    </Image>
    <Image Include="219.png">
      <Filter>src\img</Filter>
    </Image>
    <Image Include="220.png">
      <Filter>src\img</Filter>
    </Image>
    <Image Include="221.png">
      <Filter>src\img</Filter>
    </Image>
    <Image Include="222.png">
      <Filter>src\img</Filter>
    </Image>
    <Image Include="223.png">
      <Filter>src\img</Filter>
    </Image>
    <Image Include="224.png">
      <Filter>src\img</Filter>
    </Image>
    <Image Include="225.png">
      <Filter>src\img</Filter>
    </Image>
    <Image Include="226.png">
      <Filter>src\img</Filter>
    </Image>
    <Image Include="227.png">
      <Filter>src\img</Filter>
    </Image>
    <Image Include="228.png">
      <Filter>src\img</Filter>
    </Image>
    <Image Include="229.png">
      <Filter>src\img</Filter>
    </Image>
    <Image Include="230.png">
      <Filter>src\img</Filter>
    </Image>
    <Image Include="231.png">
      <Filter>src\img</Filter>
    </Image>
    <Image Include="232.png">
      <Filter>src\img</Filter>
    </Image>
    <Image Include="233.png">
      <Filter>src\img</Filter>
    </Image>
    <Image Include="234.png">
      <Filter>src\img</Filter>
    </Image>
    <Image Include="235.png">
      <Filter>src\img</Filter>
    </Image>
    <Image Include="236.png">
      <Filter>src\img</Filter>
    </Image>
    <Image Include="237.png">
      <Filter>src\img</Filter>
    </Image>
    <Image Include="238.png">
      <Filter>src\img</Filter>
    </Image>
    <Image Include="239.png">
      <Filter>src\img</Filter>
    </Image>
    <Image Include="240.png">
      <Filter>src\img</Filter>
    </Image>
    <Image Include="241.png">
      <Filter>src\img</Filter>
    </Image>
    <Image Include="242.png">
      <Filter>src\img</Filter>
    </Image>
    <Image Include="243.png">
      <Filter>src\img</Filter>
    </Image>
    <Image Include="244.png">
      <Filter>src\img</Filter>
    </Image>
    <Image Include="245.png">
      <Filter>src\img</Filter>
    </Image>
    <Image Include="246.png">
      <Filter>src\img</Filter>
    </Image>
    <Image Include="247.png">
      <Filter>src\img</Filter>
    </Image>
    <Image Include="248.png">
      <Filter>src\img</Filter>
    </Image>
    <Image Include="249.png">
      <Filter>src\img</Filter>
    </Image>
    <Image Include="250.png">
      <Filter>src\img</Filter>
    </Image>
    <Image Include="251.png">
      <Filter>src\img</Filter>
    </Image>
    <Image Include="252.png">
      <Filter>src\img</Filter>
    </Image>
    <Image Include="253.png">
      <Filter>src\img</Filter>
    </Image>
    <Image Include="254.png">
      <Filter>src\img</Filter>
    </Image>
    <Image Include="255.png">
      <Filter>src\img</Filter>
    </Image>
    <Image Include="256.png">
      <Filter>src\img</Filter>
    </Image>
    <Image Include="257.png">
      <Filter>src\img</Filter>
    </Image>
    <Image Include="258.png">
      <Filter>src\img</Filter>
    </Image>
    <Image Include="259.png">
      <Filter>src\img</Filter>
    </Image>
    <Image Include="260.png">
      <Filter>src\img</Filter>
    </Image>
    <Image Include="261.png">
      <Filter>src\img</Filter>
    </Image>
    <Image Include="262.png">
      <Filter>src\img</Filter>
    </Image>
    <Image Include="263.png">
      <Filter>src\img</Filter>
    </Image>
    <Image Include="264.png">
      <Filter>src\img</Filter>
    </Image>
    <Image Include="265.png">
      <Filter>src\img</Filter>
    </Image>
    <Image Include="266.png">
      <Filter>src\img</Filter>
    </Image>
    <Image Include="267.png">
      <Filter>src\img</Filter>
    </Image>
    <Image Include="268.png">
      <Filter>src\img</Filter>
    </Image>
    <Image Include="269.png">
      <Filter>src\img</Filter>
    </Image>
    <Image Include="270.png">
      <Filter>src\img</Filter>
    </Image>
    <Image Include="271.png">
      <Filter>src\img</Filter>
    </Image>
    <Image Include="272.png">
      <Filter>src\img</Filter>
    </Image>
    <Image Include="273.png">
      <Filter>src\img</Filter>
    </Image>
    <Image Include="274.png">
      <Filter>src\img</Filter>
    </Image>
    <Image Include="275.png">
      <Filter>src\img</Filter>
    </Image>
    <Image Include="276.png">
      <Filter>src\img</Filter>
    </Image>
    <Image Include="277.png">
      <Filter>src\img</Filter>
    </Image>
    <Image Include="278.png">
      <Filter>src\img</Filter>
    </Image>
    <Image Include="279.png">
      <Filter>src\img</Filter>
    </Image>
    <Image Include="280.png">
      <Filter>src\img</Filter>
    </Image>
    <Image Include="281.png">
      <Filter>src\img</Filter>
    </Image>
    <Image Include="282.png">
      <Filter>src\img</Filter>
    </Image>
    <Image Include="283.png">
      <Filter>src\img</Filter>
    </Image>
    <Image Include="284.png">
      <Filter>src\img</Filter>
    </Image>
    <Image Include="285.png">
      <Filter>src\img</Filter>
    </Image>
    <Image Include="286.png">
      <Filter>src\img</Filter>
    </Image>
    <Image Include="287.png">
      <Filter>src\img</Filter>
    </Image>
    <Image Include="288.png">
      <Filter>src\img</Filter>
    </Image>
    <Image Include="289.png">
      <Filter>src\img</Filter>
    </Image>
    <Image Include="290.png">
      <Filter>src\img</Filter>
    </Image>
    <Image Include="291.png">
      <Filter>src\img</Filter>
    </Image>
    <Image Include="292.png">
      <Filter>src\img</Filter>
    </Image>
    <Image Include="293.png">
      <Filter>src\img</Filter>
    </Image>
    <Image Include="294.png">
      <Filter>src\img</Filter>
    </Image>
    <Image Include="295.png">
      <Filter>src\img</Filter>
    </Image>
    <Image Include="296.png">
      <Filter>src\img</Filter>
    </Image>
    <Image Include="297.png">
      <Filter>src\img</Filter>
    </Image>
    <Image Include="298.png">
      <Filter>src\img</Filter>
    </Image>
    <Image Include="299.png">
      <Filter>src\img</Filter>
    </Image>
    <Image Include="300.png">
      <Filter>src\img</Filter>
    </Image>
    <Image Include="301.png">
      <Filter>src\img</Filter>
    </Image>
    <Image Include="302.png">
      <Filter>src\img</Filter>
    </Image>
    <Image Include="303.png">
      <Filter>src\img</Filter>
    </Image>
    <Image Include="304.png">
      <Filter>src\img</Filter>
    </Image>
    <Image Include="305.png">
      <Filter>src\img</Filter>
    </Image>
    <Image Include="306.png">
      <Filter>src\img</Filter>
    </Image>
    <Image Include="307.png">
      <Filter>src\img</Filter>
    </Image>
    <Image Include="308.png">
      <Filter>src\img</Filter>
    </Image>
    <Image Include="309.png">
      <Filter>src\img</Filter>
    </Image>
    <Image Include="310.png">
      <Filter>src\img</Filter>
    </Image>
    <Image Include="311.png">
      <Filter>src\img</Filter>
    </Image>
    <Image Include="312.png">
      <Filter>src\img</Filter>
    </Image>
    <Image Include="313.png">
      <Filter>src\img</Filter>
    </Image>
    <Image Include="314.png">
      <Filter>src\img</Filter>
    </Image>
    <Image Include="315.png">
      <Filter>src\img</Filter>
    </Image>
    <Image Include="316.png">
      <Filter>src\img</Filter>
    </Image>
    <Image Include="317.png">
      <Filter>src\img</Filter>
    </Image>
    <Image Include="318.png">
      <Filter>src\img</Filter>
    </Image>
    <Image Include="319.png">
      <Filter>src\img</Filter>
    </Image>
    <Image Include="320.png">
      <Filter>src\img</Filter>
    </Image>
    <Image Include="321.png">
      <Filter>src\img</Filter>
    </Image>
    <Image Include="322.png">
      <Filter>src\img</Filter>
    </Image>
    <Image Include="323.png">
      <Filter>src\img</Filter>
    </Image>
    <Image Include="324.png">
      <Filter>src\img</Filter>
    </Image>
    <Image Include="325.png">
      <Filter>src\img</Filter>
    </Image>
    <Image Include="326.png">
      <Filter>src\img</Filter>
    </Image>
    <Image Include="327.png">
      <Filter>src\img</Filter>
    </Image>
    <Image Include="328.png">
      <Filter>src\img</Filter>
    </Image>
    <Image Include="329.png">
      <Filter>src\img</Filter>
    </Image>
    <Image Include="330.png">
      <Filter>src\img</Filter>
    </Image>
    <Image Include="331.png">
      <Filter>src\img</Filter>
    </Image>
    <Image Include="332.png">
      <Filter>src\img</Filter>
    </Image>
    <Image Include="333.png">
      <Filter>src\img</Filter>
    </Image>
    <Image Include="334.png">
      <Filter>src\img</Filter>
    </Image>
    <Image Include="335.png">
      <Filter>src\img</Filter>
    </Image>
    <Image Include="336.png">
      <Filter>src\img</Filter>
    </Image>
    <Image Include="337.png">
      <Filter>src\img</Filter>
    </Image>
    <Image Include="338.png">
      <Filter>src\img</Filter>
    </Image>
    <Image Include="339.png">
      <Filter>src\img</Filter>
    </Image>
    <Image Include="340.png">
      <Filter>src\img</Filter>
    </Image>
    <Image Include="341.png">
      <Filter>src\img</Filter>
    </Image>
    <Image Include="342.png">
      <Filter>src\img</Filter>
    </Image>
    <Image Include="343.png">
      <Filter>src\img</Filter>
    </Image>
    <Image Include="344.png">
      <Filter>src\img</Filter>
    </Image>
    <Image Include="345.png">
      <Filter>src\img</Filter>
    </Image>
    <Image Include="346.png">
      <Filter>src\img</Filter>
    </Image>
    <Image Include="347.png">
      <Filter>src\img</Filter>
    </Image>
    <Image Include="348.png">
      <Filter>src\img</Filter>
    </Image>
    <Image Include="349.png">
      <Filter>src\img</Filter>
    </Image>
    <Image Include="350.png">
      <Filter>src\img</Filter>
    </Image>
    <Image Include="351.png">
      <Filter>src\img</Filter>
    </Image>
    <Image Include="352.png">
      <Filter>src\img</Filter>
    </Image>
    <Image Include="353.png">
      <Filter>src\img</Filter>
    </Image>
    <Image Include="354.png">
      <Filter>src\img</Filter>
    </Image>
    <Image Include="355.png">
      <Filter>src\img</Filter>
    </Image>
    <Image Include="356.png">
      <Filter>src\img</Filter>
    </Image>
    <Image Include="357.png">
      <Filter>src\img</Filter>
    </Image>
    <Image Include="358.png">
      <Filter>src\img</Filter>
    </Image>
    <Image Include="359.png">
      <Filter>src\img</Filter>
    </Image>
    <Image Include="360.png">
      <Filter>src\img</Filter>
    </Image>
    <Image Include="361.png">
      <Filter>src\img</Filter>
    </Image>
    <Image Include="362.png">
      <Filter>src\img</Filter>
    </Image>
    <Image Include="363.png">
      <Filter>src\img</Filter>
    </Image>
    <Image Include="364.png">
      <Filter>src\img</Filter>
    </Image>
    <Image Include="365.png">
      <Filter>src\img</Filter>
    </Image>
    <Image Include="366.png">
      <Filter>src\img</Filter>
    </Image>
    <Image Include="367.png">
      <Filter>src\img</Filter>
    </Image>
    <Image Include="368.png">
      <Filter>src\img</Filter>
    </Image>
    <Image Include="369.png">
      <Filter>src\img</Filter>
    </Image>
    <Image Include="370.png">
      <Filter>src\img</Filter>
    </Image>
    <Image Include="371.png">
      <Filter>src\img</Filter>
    </Image>
    <Image Include="372.png">
      <Filter>src\img</Filter>
    </Image>
    <Image Include="373.png">
      <Filter>src\img</Filter>
    </Image>
    <Image Include="374.png">
      <Filter>src\img</Filter>
    </Image>
    <Image Include="375.png">
      <Filter>src\img</Filter>
    </Image>
    <Image Include="376.png">
      <Filter>src\img</Filter>
    </Image>
    <Image Include="377.png">
      <Filter>src\img</Filter>
    </Image>
    <Image Include="378.png">
      <Filter>src\img</Filter>
    </Image>
    <Image Include="379.png">
      <Filter>src\img</Filter>
    </Image>
    <Image Include="380.png">
      <Filter>src\img</Filter>
    </Image>
    <Image Include="381.png">
      <Filter>src\img</Filter>
    </Image>
    <Image Include="382.png">
      <Filter>src\img</Filter>
    </Image>
    <Image Include="383.png">
      <Filter>src\img</Filter>
    </Image>
    <Image Include="384.png">
      <Filter>src\img</Filter>
    </Image>
    <Image Include="385.png">
      <Filter>src\img</Filter>
    </Image>
    <Image Include="386.png">
      <Filter>src\img</Filter>
    </Image>
    <Image Include="..\build\bin\1.png">
      <Filter>src\build</Filter>
    </Image>
    <Image Include="..\build\bin\2.png">
      <Filter>src\build</Filter>
    </Image>
    <Image Include="..\build\bin\3.png">
      <Filter>src\build</Filter>
    </Image>
    <Image Include="..\build\bin\4.png">
      <Filter>src\build</Filter>
    </Image>
    <Image Include="..\build\bin\5.png">
      <Filter>src\build</Filter>
    </Image>
    <Image Include="..\build\bin\6.png">
      <Filter>src\build</Filter>
    </Image>
    <Image Include="..\build\bin\7.png">
      <Filter>src\build</Filter>
    </Image>
    <Image Include="..\build\bin\8.png">
      <Filter>src\build</Filter>
    </Image>
    <Image Include="..\build\bin\9.png">
      <Filter>src\build</Filter>
    </Image>
    <Image Include="..\build\bin\10.png">
      <Filter>src\build</Filter>
    </Image>
    <Image Include="..\build\bin\11.png">
      <Filter>src\build</Filter>
    </Image>
    <Image Include="..\build\bin\12.png">
      <Filter>src\build</Filter>
    </Image>
    <Image Include="..\build\bin\13.png">
      <Filter>src\build</Filter>
    </Image>
    <Image Include="..\build\bin\14.png">
      <Filter>src\build</Filter>
    </Image>
    <Image Include="..\build\bin\15.png">
      <Filter>src\build</Filter>
    </Image>
    <Image Include="..\build\bin\16.png">
      <Filter>src\build</Filter>
    </Image>
    <Image Include="..\build\bin\17.png">
      <Filter>src\build</Filter>
    </Image>
    <Image Include="..\build\bin\18.png">
      <Filter>src\build</Filter>
    </Image>
    <Image Include="..\build\bin\19.png">
      <Filter>src\build</Filter>
    </Image>
    <Image Include="..\build\bin\20.png">
      <Filter>src\build</Filter>
    </Image>
    <Image Include="..\build\bin\21.png">
      <Filter>src\build</Filter>
    </Image>
    <Image Include="..\build\bin\22.png">
      <Filter>src\build</Filter>
    </Image>
    <Image Include="..\build\bin\23.png">
      <Filter>src\build</Filter>
    </Image>
    <Image Include="..\build\bin\24.png">
      <Filter>src\build</Filter>
    </Image>
    <Image Include="..\build\bin\25.png">
      <Filter>src\build</Filter>
    </Image>
    <Image Include="..\build\bin\26.png">
      <Filter>src\build</Filter>
    </Image>
    <Image Include="..\build\bin\27.png">
      <Filter>src\build</Filter>
    </Image>
    <Image Include="..\build\bin\28.png">
      <Filter>src\build</Filter>
    </Image>
    <Image Include="..\build\bin\29.png">
      <Filter>src\build</Filter>
    </Image>
    <Image Include="..\build\bin\30.png">
      <Filter>src\build</Filter>
    </Image>
    <Image Include="..\build\bin\31.png">
      <Filter>src\build</Filter>
    </Image>
    <Image Include="..\build\bin\32.png">
      <Filter>src\build</Filter>
    </Image>
    <Image Include="..\build\bin\33.png">
      <Filter>src\build</Filter>
    </Image>
    <Image Include="..\build\bin\34.png">
      <Filter>src\build</Filter>
    </Image>
    <Image Include="..\build\bin\35.png">
      <Filter>src\build</Filter>
    </Image>
    <Image Include="..\build\bin\36.png">
      <Filter>src\build</Filter>
    </Image>
    <Image Include="..\build\bin\37.png">
      <Filter>src\build</Filter>
    </Image>
    <Image Include="..\build\bin\38.png">
      <Filter>src\build</Filter>
    </Image>
    <Image Include="..\build\bin\39.png">
      <Filter>src\build</Filter>
    </Image>
    <Image Include="..\build\bin\40.png">
      <Filter>src\build</Filter>
    </Image>
    <Image Include="..\build\bin\41.png">
      <Filter>src\build</Filter>
    </Image>
    <Image Include="..\build\bin\42.png">
      <Filter>src\build</Filter>
    </Image>
    <Image Include="..\build\bin\43.png">
      <Filter>src\build</Filter>
    </Image>
    <Image Include="..\build\bin\44.png">
      <Filter>src\build</Filter>
    </Image>
    <Image Include="..\build\bin\45.png">
      <Filter>src\build</Filter>
    </Image>
    <Image Include="..\build\bin\46.png">
      <Filter>src\build</Filter>
    </Image>
    <Image Include="..\build\bin\47.png">
      <Filter>src\build</Filter>
    </Image>
    <Image Include="..\build\bin\48.png">
      <Filter>src\build</Filter>
    </Image>
    <Image Include="..\build\bin\49.png">
      <Filter>src\build</Filter>
    </Image>
    <Image Include="..\build\bin\50.png">
      <Filter>src\build</Filter>
    </Image>
    <Image Include="..\build\bin\51.png">
      <Filter>src\build</Filter>
    </Image>
    <Image Include="..\build\bin\52.png">
      <Filter>src\build</Filter>
    </Image>
    <Image Include="..\build\bin\53.png">
      <Filter>src\build</Filter>
    </Image>
    <Image Include="..\build\bin\54.png">
      <Filter>src\build</Filter>
    </Image>
    <Image Include="..\build\bin\55.png">
      <Filter>src\build</Filter>
    </Image>
    <Image Include="..\build\bin\56.png">
      <Filter>src\build</Filter>
    </Image>
    <Image Include="..\build\bin\57.png">
      <Filter>src\build</Filter>
    </Image>
    <Image Include="..\build\bin\58.png">
      <Filter>src\build</Filter>
    </Image>
    <Image Include="..\build\bin\59.png">
      <Filter>src\build</Filter>
    </Image>
    <Image Include="..\build\bin\60.png">
      <Filter>src\build</Filter>
    </Image>
    <Image Include="..\build\bin\61.png">
      <Filter>src\build</Filter>
    </Image>
    <Image Include="..\build\bin\62.png">
      <Filter>src\build</Filter>
    </Image>
    <Image Include="..\build\bin\63.png">
      <Filter>src\build</Filter>
    </Image>
    <Image Include="..\build\bin\64.png">
      <Filter>src\build</Filter>
    </Image>
    <Image Include="..\build\bin\65.png">
      <Filter>src\build</Filter>
    </Image>
    <Image Include="..\build\bin\66.png">
      <Filter>src\build</Filter>
    </Image>
    <Image Include="..\build\bin\67.png">
      <Filter>src\build</Filter>
    </Image>
    <Image Include="..\build\bin\68.png">
      <Filter>src\build</Filter>
    </Image>
    <Image Include="..\build\bin\69.png">
      <Filter>src\build</Filter>
    </Image>
    <Image Include="..\build\bin\70.png">
      <Filter>src\build</Filter>
    </Image>
    <Image Include="..\build\bin\71.png">
      <Filter>src\build</Filter>
    </Image>
    <Image Include="..\build\bin\72.png">
      <Filter>src\build</Filter>
    </Image>
    <Image Include="..\build\bin\73.png">
      <Filter>src\build</Filter>
    </Image>
    <Image Include="..\build\bin\74.png">
      <Filter>src\build</Filter>
    </Image>
    <Image Include="..\build\bin\75.png">
      <Filter>src\build</Filter>
    </Image>
    <Image Include="..\build\bin\76.png">
      <Filter>src\build</Filter>
    </Image>
    <Image Include="..\build\bin\77.png">
      <Filter>src\build</Filter>
    </Image>
    <Image Include="..\build\bin\78.png">
      <Filter>src\build</Filter>
    </Image>
    <Image Include="..\build\bin\79.png">
      <Filter>src\build</Filter>
    </Image>
    <Image Include="..\build\bin\80.png">
      <Filter>src\build</Filter>
    </Image>
    <Image Include="..\build\bin\81.png">
      <Filter>src\build</Filter>
    </Image>
    <Image Include="..\build\bin\82.png">
      <Filter>src\build</Filter>
    </Image>
    <Image Include="..\build\bin\83.png">
      <Filter>src\build</Filter>
    </Image>
    <Image Include="..\build\bin\84.png">
      <Filter>src\build</Filter>
    </Image>
    <Image Include="..\build\bin\85.png">
      <Filter>src\build</Filter>
    </Image>
    <Image Include="..\build\bin\86.png">
      <Filter>src\build</Filter>
    </Image>
    <Image Include="..\build\bin\87.png">
      <Filter>src\build</Filter>
    </Image>
    <Image Include="..\build\bin\88.png">
      <Filter>src\build</Filter>
    </Image>
    <Image Include="..\build\bin\89.png">
      <Filter>src\build</Filter>
    </Image>
    <Image Include="..\build\bin\90.png">
      <Filter>src\build</Filter>
    </Image>
    <Image Include="..\build\bin\91.png">
      <Filter>src\build</Filter>
    </Image>
    <Image Include="..\build\bin\92.png">
      <Filter>src\build</Filter>
    </Image>
    <Image Include="..\build\bin\93.png">
      <Filter>src\build</Filter>
    </Image>
    <Image Include="..\build\bin\94.png">
      <Filter>src\build</Filter>
    </Image>
    <Image Include="..\build\bin\95.png">
      <Filter>src\build</Filter>
    </Image>
    <Image Include="..\build\bin\96.png">
      <Filter>src\build</Filter>
    </Image>
    <Image Include="..\build\bin\97.png">
      <Filter>src\build</Filter>
    </Image>
    <Image Include="..\build\bin\98.png">
      <Filter>src\build</Filter>
    </Image>
    <Image Include="..\build\bin\99.png">
      <Filter>src\build</Filter>
    </Image>
    <Image Include="..\build\bin\100.png">
      <Filter>src\build</Filter>
    </Image>
    <Image Include="..\build\bin\101.png">
      <Filter>src\build</Filter>
    </Image>
    <Image Include="..\build\bin\102.png">
      <Filter>src\build</Filter>
    </Image>
    <Image Include="..\build\bin\103.png">
      <Filter>src\build</Filter>
    </Image>
    <Image Include="..\build\bin\104.png">
      <Filter>src\build</Filter>
    </Image>
    <Image Include="..\build\bin\105.png">
      <Filter>src\build</Filter>
    </Image>
    <Image Include="..\build\bin\106.png">
      <Filter>src\build</Filter>
    </Image>
    <Image Include="..\build\bin\107.png">
      <Filter>src\build</Filter>
    </Image>
    <Image Include="..\build\bin\108.png">
      <Filter>src\build</Filter>
    </Image>
    <Image Include="..\build\bin\109.png">
      <Filter>src\build</Filter>
    </Image>
    <Image Include="..\build\bin\110.png">
      <Filter>src\build</Filter>
    </Image>
    <Image Include="..\build\bin\111.png">
      <Filter>src\build</Filter>
    </Image>
    <Image Include="..\build\bin\112.png">
      <Filter>src\build</Filter>
    </Image>
    <Image Include="..\build\bin\113.png">
      <Filter>src\build</Filter>
    </Image>
    <Image Include="..\build\bin\114.png">
      <Filter>src\build</Filter>
    </Image>
    <Image Include="..\build\bin\115.png">
      <Filter>src\build</Filter>
    </Image>
    <Image Include="..\build\bin\116.png">
      <Filter>src\build</Filter>
    </Image>
    <Image Include="..\build\bin\117.png">
      <Filter>src\build</Filter>
    </Image>
    <Image Include="..\build\bin\118.png">
      <Filter>src\build</Filter>
    </Image>
    <Image Include="..\build\bin\119.png">
      <Filter>src\build</Filter>
    </Image>
    <Image Include="..\build\bin\120.png">
      <Filter>src\build</Filter>
    </Image>
    <Image Include="..\build\bin\121.png">
      <Filter>src\build</Filter>
    </Image>
    <Image Include="..\build\bin\122.png">
      <Filter>src\build</Filter>
    </Image>
    <Image Include="..\build\bin\123.png">
      <Filter>src\build</Filter>
    </Image>
    <Image Include="..\build\bin\124.png">
      <Filter>src\build</Filter>
    </Image>
    <Image Include="..\build\bin\125.png">
      <Filter>src\build</Filter>
    </Image>
    <Image Include="..\build\bin\126.png">
      <Filter>src\build</Filter>
    </Image>
    <Image Include="..\build\bin\127.png">
      <Filter>src\build</Filter>
    </Image>
    <Image Include="..\build\bin\128.png">
      <Filter>src\build</Filter>
    </Image>
    <Image Include="..\build\bin\129.png">
      <Filter>src\build</Filter>
    </Image>
    <Image Include="..\build\bin\130.png">
      <Filter>src\build</Filter>
    </Image>
    <Image Include="..\build\bin\131.png">
      <Filter>src\build</Filter>
    </Image>
    <Image Include="..\build\bin\132.png">
      <Filter>src\build</Filter>
    </Image>
    <Image Include="..\build\bin\133.png">
      <Filter>src\build</Filter>
    </Image>
    <Image Include="..\build\bin\134.png">
      <Filter>src\build</Filter>
    </Image>
    <Image Include="..\build\bin\135.png">
      <Filter>src\build</Filter>
    </Image>
    <Image Include="..\build\bin\136.png">
      <Filter>src\build</Filter>
    </Image>
    <Image Include="..\build\bin\137.png">
      <Filter>src\build</Filter>
    </Image>
    <Image Include="..\build\bin\138.png">
      <Filter>src\build</Filter>
    </Image>
    <Image Include="..\build\bin\139.png">
      <Filter>src\build</Filter>
    </Image>
    <Image Include="..\build\bin\140.png">
      <Filter>src\build</Filter>
    </Image>
    <Image Include="..\build\bin\141.png">
      <Filter>src\build</Filter>
    </Image>
    <Image Include="..\build\bin\142.png">
      <Filter>src\build</Filter>
    </Image>
    <Image Include="..\build\bin\143.png">
      <Filter>src\build</Filter>
    </Image>
    <Image Include="..\build\bin\144.png">
      <Filter>src\build</Filter>
    </Image>
    <Image Include="..\build\bin\145.png">
      <Filter>src\build</Filter>
    </Image>
    <Image Include="..\build\bin\146.png">
      <Filter>src\build</Filter>
    </Image>
    <Image Include="..\build\bin\147.png">
      <Filter>src\build</Filter>
    </Image>
    <Image Include="..\build\bin\148.png">
      <Filter>src\build</Filter>
    </Image>
    <Image Include="..\build\bin\149.png">
      <Filter>src\build</Filter>
    </Image>
    <Image Include="..\build\bin\150.png">
      <Filter>src\build</Filter>
    </Image>
    <Image Include="..\build\bin\151.png">
      <Filter>src\build</Filter>
    </Image>
    <Image Include="..\build\bin\152.png">
      <Filter>src\build</Filter>
    </Image>
    <Image Include="..\build\bin\153.png">
      <Filter>src\build</Filter>
    </Image>
    <Image Include="..\build\bin\154.png">
      <Filter>src\build</Filter>
    </Image>
    <Image Include="..\build\bin\155.png">
      <Filter>src\build</Filter>
    </Image>
    <Image Include="..\build\bin\156.png">
      <Filter>src\build</Filter>
    </Image>
    <Image Include="..\build\bin\157.png">
      <Filter>src\build</Filter>
    </Image>
    <Image Include="..\build\bin\158.png">
      <Filter>src\build</Filter>
    </Image>
    <Image Include="..\build\bin\159.png">
      <Filter>src\build</Filter>
    </Image>
    <Image Include="..\build\bin\160.png">
      <Filter>src\build</Filter>
    </Image>
    <Image Include="..\build\bin\161.png">
      <Filter>src\build</Filter>
    </Image>
    <Image Include="..\build\bin\162.png">
      <Filter>src\build</Filter>
    </Image>
    <Image Include="..\build\bin\163.png">
      <Filter>src\build</Filter>
    </Image>
    <Image Include="..\build\bin\164.png">
      <Filter>src\build</Filter>
    </Image>
    <Image Include="..\build\bin\165.png">
      <Filter>src\build</Filter>
    </Image>
    <Image Include="..\build\bin\166.png">
      <Filter>src\build</Filter>
    </Image>
    <Image Include="..\build\bin\167.png">
      <Filter>src\build</Filter>
    </Image>
    <Image Include="..\build\bin\168.png">
      <Filter>src\build</Filter>
    </Image>
    <Image Include="..\build\bin\169.png">
      <Filter>src\build</Filter>
    </Image>
    <Image Include="..\build\bin\170.png">
      <Filter>src\build</Filter>
    </Image>
    <Image Include="..\build\bin\171.png">
      <Filter>src\build</Filter>
    </Image>
    <Image Include="..\build\bin\172.png">
      <Filter>src\build</Filter>
    </Image>
    <Image Include="..\build\bin\173.png">
      <Filter>src\build</Filter>
    </Image>
    <Image Include="..\build\bin\174.png">
      <Filter>src\build</Filter>
    </Image>
    <Image Include="..\build\bin\175.png">
      <Filter>src\build</Filter>
    </Image>
    <Image Include="..\build\bin\176.png">
      <Filter>src\build</Filter>
    </Image>
    <Image Include="..\build\bin\177.png">
      <Filter>src\build</Filter>
    </Image>
    <Image Include="..\build\bin\178.png">
      <Filter>src\build</Filter>
    </Image>
    <Image Include="..\build\bin\179.png">
      <Filter>src\build</Filter>
    </Image>
    <Image Include="..\build\bin\180.png">
      <Filter>src\build</Filter>
    </Image>
    <Image Include="..\build\bin\181.png">
      <Filter>src\build</Filter>
    </Image>
    <Image Include="..\build\bin\182.png">
      <Filter>src\build</Filter>
    </Image>
    <Image Include="..\build\bin\183.png">
      <Filter>src\build</Filter>
    </Image>
    <Image Include="..\build\bin\184.png">
      <Filter>src\build</Filter>
    </Image>
    <Image Include="..\build\bin\185.png">
      <Filter>src\build</Filter>
    </Image>
    <Image Include="..\build\bin\186.png">
      <Filter>src\build</Filter>
    </Image>
    <Image Include="..\build\bin\187.png">
      <Filter>src\build</Filter>
    </Image>
    <Image Include="..\build\bin\188.png">
      <Filter>src\build</Filter>
    </Image>
    <Image Include="..\build\bin\189.png">
      <Filter>src\build</Filter>
    </Image>
    <Image Include="..\build\bin\190.png">
      <Filter>src\build</Filter>
    </Image>
    <Image Include="..\build\bin\191.png">
      <Filter>src\build</Filter>
    </Image>
    <Image Include="..\build\bin\192.png">
      <Filter>src\build</Filter>
    </Image>
    <Image Include="..\build\bin\193.png">
      <Filter>src\build</Filter>
    </Image>
    <Image Include="..\build\bin\194.png">
      <Filter>src\build</Filter>
    </Image>
    <Image Include="..\build\bin\195.png">
      <Filter>src\build</Filter>
    </Image>
    <Image Include="..\build\bin\196.png">
      <Filter>src\build</Filter>
    </Image>
    <Image Include="..\build\bin\197.png">
      <Filter>src\build</Filter>
    </Image>
    <Image Include="..\build\bin\198.png">
      <Filter>src\build</Filter>
    </Image>
    <Image Include="..\build\bin\199.png">
      <Filter>src\build</Filter>
    </Image>
    <Image Include="..\build\bin\200.png">
      <Filter>src\build</Filter>
    </Image>
    <Image Include="..\build\bin\201.png">
      <Filter>src\build</Filter>
    </Image>
    <Image Include="..\build\bin\202.png">
      <Filter>src\build</Filter>
    </Image>
    <Image Include="..\build\bin\203.png">
      <Filter>src\build</Filter>
    </Image>
    <Image Include="..\build\bin\204.png">
      <Filter>src\build</Filter>
    </Image>
    <Image Include="..\build\bin\205.png">
      <Filter>src\build</Filter>
    </Image>
    <Image Include="..\build\bin\206.png">
      <Filter>src\build</Filter>
    </Image>
    <Image Include="..\build\bin\207.png">
      <Filter>src\build</Filter>
    </Image>
    <Image Include="..\build\bin\208.png">
      <Filter>src\build</Filter>
    </Image>
    <Image Include="..\build\bin\209.png">
      <Filter>src\build</Filter>
    </Image>
    <Image Include="..\build\bin\210.png">
      <Filter>src\build</Filter>
    </Image>
    <Image Include="..\build\bin\211.png">
      <Filter>src\build</Filter>
    </Image>
    <Image Include="..\build\bin\212.png">
      <Filter>src\build</Filter>
    </Image>
    <Image Include="..\build\bin\213.png">
      <Filter>src\build</Filter>
    </Image>
    <Image Include="..\build\bin\214.png">
      <Filter>src\build</Filter>
    </Image>
    <Image Include="..\build\bin\215.png">
      <Filter>src\build</Filter>
    </Image>
    <Image Include="..\build\bin\216.png">
      <Filter>src\build</Filter>
    </Image>
    <Image Include="..\build\bin\217.png">
      <Filter>src\build</Filter>
    </Image>
    <Image Include="..\build\bin\218.png">
      <Filter>src\build</Filter>
    </Image>
    <Image Include="..\build\bin\219.png">
      <Filter>src\build</Filter>
    </Image>
    <Image Include="..\build\bin\220.png">
      <Filter>src\build</Filter>
    </Image>
    <Image Include="..\build\bin\221.png">
      <Filter>src\build</Filter>
    </Image>
    <Image Include="..\build\bin\222.png">
      <Filter>src\build</Filter>
    </Image>
    <Image Include="..\build\bin\223.png">
      <Filter>src\build</Filter>
    </Image>
    <Image Include="..\build\bin\224.png">
      <Filter>src\build</Filter>
    </Image>
    <Image Include="..\build\bin\225.png">
      <Filter>src\build</Filter>
    </Image>
    <Image Include="..\build\bin\226.png">
      <Filter>src\build</Filter>
    </Image>
    <Image Include="..\build\bin\227.png">
      <Filter>src\build</Filter>
    </Image>
    <Image Include="..\build\bin\228.png">
      <Filter>src\build</Filter>
    </Image>
    <Image Include="..\build\bin\229.png">
      <Filter>src\build</Filter>
    </Image>
    <Image Include="..\build\bin\230.png">
      <Filter>src\build</Filter>
    </Image>
    <Image Include="..\build\bin\231.png">
      <Filter>src\build</Filter>
    </Image>
    <Image Include="..\build\bin\232.png">
      <Filter>src\build</Filter>
    </Image>
    <Image Include="..\build\bin\233.png">
      <Filter>src\build</Filter>
    </Image>
    <Image Include="..\build\bin\234.png">
      <Filter>src\build</Filter>
    </Image>
    <Image Include="..\build\bin\235.png">
      <Filter>src\build</Filter>
    </Image>
    <Image Include="..\build\bin\236.png">
      <Filter>src\build</Filter>
    </Image>
    <Image Include="..\build\bin\237.png">
      <Filter>src\build</Filter>
    </Image>
    <Image Include="..\build\bin\238.png">
      <Filter>src\build</Filter>
    </Image>
    <Image Include="..\build\bin\239.png">
      <Filter>src\build</Filter>
    </Image>
    <Image Include="..\build\bin\240.png">
      <Filter>src\build</Filter>
    </Image>
    <Image Include="..\build\bin\241.png">
      <Filter>src\build</Filter>
    </Image>
    <Image Include="..\build\bin\242.png">
      <Filter>src\build</Filter>
    </Image>
    <Image Include="..\build\bin\243.png">
      <Filter>src\build</Filter>
    </Image>
    <Image Include="..\build\bin\244.png">
      <Filter>src\build</Filter>
    </Image>
    <Image Include="..\build\bin\245.png">
      <Filter>src\build</Filter>
    </Image>
    <Image Include="..\build\bin\246.png">
      <Filter>src\build</Filter>
    </Image>
    <Image Include="..\build\bin\247.png">
      <Filter>src\build</Filter>
    </Image>
    <Image Include="..\build\bin\248.png">
      <Filter>src\build</Filter>
    </Image>
    <Image Include="..\build\bin\249.png">
      <Filter>src\build</Filter>
    </Image>
    <Image Include="..\build\bin\250.png">
      <Filter>src\build</Filter>
    </Image>
    <Image Include="..\build\bin\251.png">
      <Filter>src\build</Filter>
    </Image>
    <Image Include="..\build\bin\252.png">
      <Filter>src\build</Filter>
    </Image>
    <Image Include="..\build\bin\253.png">
      <Filter>src\build</Filter>
    </Image>
    <Image Include="..\build\bin\254.png">
      <Filter>src\build</Filter>
    </Image>
    <Image Include="..\build\bin\255.png">
      <Filter>src\build</Filter>
    </Image>
    <Image Include="..\build\bin\256.png">
      <Filter>src\build</Filter>
    </Image>
    <Image Include="..\build\bin\257.png">
      <Filter>src\build</Filter>
    </Image>
    <Image Include="..\build\bin\258.png">
      <Filter>src\build</Filter>
    </Image>
    <Image Include="..\build\bin\259.png">
      <Filter>src\build</Filter>
    </Image>
    <Image Include="..\build\bin\260.png">
      <Filter>src\build</Filter>
    </Image>
    <Image Include="..\build\bin\261.png">
      <Filter>src\build</Filter>
    </Image>
    <Image Include="..\build\bin\262.png">
      <Filter>src\build</Filter>
    </Image>
    <Image Include="..\build\bin\263.png">
      <Filter>src\build</Filter>
    </Image>
    <Image Include="..\build\bin\264.png">
      <Filter>src\build</Filter>
    </Image>
    <Image Include="..\build\bin\265.png">
      <Filter>src\build</Filter>
    </Image>
    <Image Include="..\build\bin\266.png">
      <Filter>src\build</Filter>
    </Image>
    <Image Include="..\build\bin\267.png">
      <Filter>src\build</Filter>
    </Image>
    <Image Include="..\build\bin\268.png">
      <Filter>src\build</Filter>
    </Image>
    <Image Include="..\build\bin\269.png">
      <Filter>src\build</Filter>
    </Image>
    <Image Include="..\build\bin\270.png">
      <Filter>src\build</Filter>
    </Image>
    <Image Include="..\build\bin\271.png">
      <Filter>src\build</Filter>
    </Image>
    <Image Include="..\build\bin\272.png">
      <Filter>src\build</Filter>
    </Image>
    <Image Include="..\build\bin\273.png">
      <Filter>src\build</Filter>
    </Image>
    <Image Include="..\build\bin\274.png">
      <Filter>src\build</Filter>
    </Image>
    <Image Include="..\build\bin\275.png">
      <Filter>src\build</Filter>
    </Image>
    <Image Include="..\build\bin\276.png">
      <Filter>src\build</Filter>
    </Image>
    <Image Include="..\build\bin\277.png">
      <Filter>src\build</Filter>
    </Image>
    <Image Include="..\build\bin\278.png">
      <Filter>src\build</Filter>
    </Image>
    <Image Include="..\build\bin\279.png">
      <Filter>src\build</Filter>
    </Image>
    <Image Include="..\build\bin\280.png">
      <Filter>src\build</Filter>
    </Image>
    <Image Include="..\build\bin\281.png">
      <Filter>src\build</Filter>
    </Image>
    <Image Include="..\build\bin\282.png">
      <Filter>src\build</Filter>
    </Image>
    <Image Include="..\build\bin\283.png">
      <Filter>src\build</Filter>
    </Image>
    <Image Include="..\build\bin\284.png">
      <Filter>src\build</Filter>
    </Image>
    <Image Include="..\build\bin\285.png">
      <Filter>src\build</Filter>
    </Image>
    <Image Include="..\build\bin\286.png">
      <Filter>src\build</Filter>
    </Image>
    <Image Include="..\build\bin\287.png">
      <Filter>src\build</Filter>
    </Image>
    <Image Include="..\build\bin\288.png">
      <Filter>src\build</Filter>
    </Image>
    <Image Include="..\build\bin\289.png">
      <Filter>src\build</Filter>
    </Image>
    <Image Include="..\build\bin\290.png">
      <Filter>src\build</Filter>
    </Image>
    <Image Include="..\build\bin\291.png">
      <Filter>src\build</Filter>
    </Image>
    <Image Include="..\build\bin\292.png">
      <Filter>src\build</Filter>
    </Image>
    <Image Include="..\build\bin\293.png">
      <Filter>src\build</Filter>
    </Image>
    <Image Include="..\build\bin\294.png">
      <Filter>src\build</Filter>
    </Image>
    <Image Include="..\build\bin\295.png">
      <Filter>src\build</Filter>
    </Image>
    <Image Include="..\build\bin\296.png">
      <Filter>src\build</Filter>
    </Image>
    <Image Include="..\build\bin\297.png">
      <Filter>src\build</Filter>
    </Image>
    <Image Include="..\build\bin\298.png">
      <Filter>src\build</Filter>
    </Image>
    <Image Include="..\build\bin\299.png">
      <Filter>src\build</Filter>
    </Image>
    <Image Include="..\build\bin\300.png">
      <Filter>src\build</Filter>
    </Image>
    <Image Include="..\build\bin\301.png">
      <Filter>src\build</Filter>
    </Image>
    <Image Include="..\build\bin\302.png">
      <Filter>src\build</Filter>
    </Image>
    <Image Include="..\build\bin\303.png">
      <Filter>src\build</Filter>
    </Image>
    <Image Include="..\build\bin\304.png">
      <Filter>src\build</Filter>
    </Image>
    <Image Include="..\build\bin\305.png">
      <Filter>src\build</Filter>
    </Image>
    <Image Include="..\build\bin\306.png">
      <Filter>src\build</Filter>
    </Image>
    <Image Include="..\build\bin\307.png">
      <Filter>src\build</Filter>
    </Image>
    <Image Include="..\build\bin\308.png">
      <Filter>src\build</Filter>
    </Image>
    <Image Include="..\build\bin\309.png">
      <Filter>src\build</Filter>
    </Image>
    <Image Include="..\build\bin\310.png">
      <Filter>src\build</Filter>
    </Image>
    <Image Include="..\build\bin\311.png">
      <Filter>src\build</Filter>
    </Image>
    <Image Include="..\build\bin\312.png">
      <Filter>src\build</Filter>
    </Image>
    <Image Include="..\build\bin\313.png">
      <Filter>src\build</Filter>
    </Image>
    <Image Include="..\build\bin\314.png">
      <Filter>src\build</Filter>
    </Image>
    <Image Include="..\build\bin\315.png">
      <Filter>src\build</Filter>
    </Image>
    <Image Include="..\build\bin\316.png">
      <Filter>src\build</Filter>
    </Image>
    <Image Include="..\build\bin\317.png">
      <Filter>src\build</Filter>
    </Image>
    <Image Include="..\build\bin\318.png">
      <Filter>src\build</Filter>
    </Image>
    <Image Include="..\build\bin\319.png">
      <Filter>src\build</Filter>
    </Image>
    <Image Include="..\build\bin\320.png">
      <Filter>src\build</Filter>
    </Image>
    <Image Include="..\build\bin\321.png">
      <Filter>src\build</Filter>
    </Image>
    <Image Include="..\build\bin\322.png">
      <Filter>src\build</Filter>
    </Image>
    <Image Include="..\build\bin\323.png">
      <Filter>src\build</Filter>
    </Image>
    <Image Include="..\build\bin\324.png">
      <Filter>src\build</Filter>
    </Image>
    <Image Include="..\build\bin\325.png">
      <Filter>src\build</Filter>
    </Image>
    <Image Include="..\build\bin\326.png">
      <Filter>src\build</Filter>
    </Image>
    <Image Include="..\build\bin\327.png">
      <Filter>src\build</Filter>
    </Image>
    <Image Include="..\build\bin\328.png">
      <Filter>src\build</Filter>
    </Image>
    <Image Include="..\build\bin\329.png">
      <Filter>src\build</Filter>
    </Image>
    <Image Include="..\build\bin\330.png">
      <Filter>src\build</Filter>
    </Image>
    <Image Include="..\build\bin\331.png">
      <Filter>src\build</Filter>
    </Image>
    <Image Include="..\build\bin\332.png">
      <Filter>src\build</Filter>
    </Image>
    <Image Include="..\build\bin\333.png">
      <Filter>src\build</Filter>
    </Image>
    <Image Include="..\build\bin\334.png">
      <Filter>src\build</Filter>
    </Image>
    <Image Include="..\build\bin\335.png">
      <Filter>src\build</Filter>
    </Image>
    <Image Include="..\build\bin\336.png">
      <Filter>src\build</Filter>
    </Image>
    <Image Include="..\build\bin\337.png">
      <Filter>src\build</Filter>
    </Image>
    <Image Include="..\build\bin\338.png">
      <Filter>src\build</Filter>
    </Image>
    <Image Include="..\build\bin\339.png">
      <Filter>src\build</Filter>
    </Image>
    <Image Include="..\build\bin\340.png">
      <Filter>src\build</Filter>
    </Image>
    <Image Include="..\build\bin\341.png">
      <Filter>src\build</Filter>
    </Image>
    <Image Include="..\build\bin\342.png">
      <Filter>src\build</Filter>
    </Image>
    <Image Include="..\build\bin\343.png">
      <Filter>src\build</Filter>
    </Image>
    <Image Include="..\build\bin\344.png">
      <Filter>src\build</Filter>
    </Image>
    <Image Include="..\build\bin\345.png">
      <Filter>src\build</Filter>
    </Image>
    <Image Include="..\build\bin\346.png">
      <Filter>src\build</Filter>
    </Image>
    <Image Include="..\build\bin\347.png">
      <Filter>src\build</Filter>
    </Image>
    <Image Include="..\build\bin\348.png">
      <Filter>src\build</Filter>
    </Image>
    <Image Include="..\build\bin\349.png">
      <Filter>src\build</Filter>
    </Image>
    <Image Include="..\build\bin\350.png">
      <Filter>src\build</Filter>
    </Image>
    <Image Include="..\build\bin\351.png">
      <Filter>src\build</Filter>
    </Image>
    <Image Include="..\build\bin\352.png">
      <Filter>src\build</Filter>
    </Image>
    <Image Include="..\build\bin\353.png">
      <Filter>src\build</Filter>
    </Image>
    <Image Include="..\build\bin\354.png">
      <Filter>src\build</Filter>
    </Image>
    <Image Include="..\build\bin\355.png">
      <Filter>src\build</Filter>
    </Image>
    <Image Include="..\build\bin\356.png">
      <Filter>src\build</Filter>
    </Image>
    <Image Include="..\build\bin\357.png">
      <Filter>src\build</Filter>
    </Image>
    <Image Include="..\build\bin\358.png">
      <Filter>src\build</Filter>
    </Image>
    <Image Include="..\build\bin\359.png">
      <Filter>src\build</Filter>
    </Image>
    <Image Include="..\build\bin\360.png">
      <Filter>src\build</Filter>
    </Image>
    <Image Include="..\build\bin\361.png">
      <Filter>src\build</Filter>
    </Image>
    <Image Include="..\build\bin\362.png">
      <Filter>src\build</Filter>
    </Image>
    <Image Include="..\build\bin\363.png">
      <Filter>src\build</Filter>
    </Image>
    <Image Include="..\build\bin\364.png">
      <Filter>src\build</Filter>
    </Image>
    <Image Include="..\build\bin\365.png">
      <Filter>src\build</Filter>
    </Image>
    <Image Include="..\build\bin\366.png">
      <Filter>src\build</Filter>
    </Image>
    <Image Include="..\build\bin\367.png">
      <Filter>src\build</Filter>
    </Image>
    <Image Include="..\build\bin\368.png">
      <Filter>src\build</Filter>
    </Image>
    <Image Include="..\build\bin\369.png">
      <Filter>src\build</Filter>
    </Image>
    <Image Include="..\build\bin\370.png">
      <Filter>src\build</Filter>
    </Image>
    <Image Include="..\build\bin\371.png">
      <Filter>src\build</Filter>
    </Image>
    <Image Include="..\build\bin\372.png">
      <Filter>src\build</Filter>
    </Image>
    <Image Include="..\build\bin\373.png">
      <Filter>src\build</Filter>
    </Image>
    <Image Include="..\build\bin\374.png">
      <Filter>src\build</Filter>
    </Image>
    <Image Include="..\build\bin\375.png">
      <Filter>src\build</Filter>
    </Image>
    <Image Include="..\build\bin\376.png">
      <Filter>src\build</Filter>
    </Image>
    <Image Include="..\build\bin\377.png">
      <Filter>src\build</Filter>
    </Image>
    <Image Include="..\build\bin\378.png">
      <Filter>src\build</Filter>
    </Image>
    <Image Include="..\build\bin\379.png">
      <Filter>src\build</Filter>
    </Image>
    <Image Include="..\build\bin\380.png">
      <Filter>src\build</Filter>
    </Image>
    <Image Include="..\build\bin\381.png">
      <Filter>src\build</Filter>
    </Image>
    <Image Include="..\build\bin\382.png">
      <Filter>src\build</Filter>
    </Image>
    <Image Include="..\build\bin\383.png">
      <Filter>src\build</Filter>
    </Image>
    <Image Include="..\build\bin\384.png">
      <Filter>src\build</Filter>
    </Image>
    <Image Include="..\build\bin\385.png">
      <Filter>src\build</Filter>
    </Image>
    <Image Include="..\build\bin\386.png">
      <Filter>src\build</Filter>
    </Image>
  </ItemGroup>
  <ItemGroup>
    <Text Include="..\build\bin\awesomium.log">
      <Filter>src\build</Filter>
    </Text>
  </ItemGroup>
</Project>