<?xml version="1.0" encoding="utf-8"?>
<Project ToolsVersion="4.0" xmlns="http://schemas.microsoft.com/developer/msbuild/2003">
  <ItemGroup>
    <ClCompile Include="..\common\application_win.cc">
      <Filter>src\vue</Filter>
    </ClCompile>
    <ClCompile Include="main.cc">
      <Filter>src\vue</Filter>
    </ClCompile>
    <ClCompile Include="..\common\view_win.cc">
      <Filter>src\vue</Filter>
    </ClCompile>
    <ClCompile Include="db.cpp">
      <Filter>src\db</Filter>
    </ClCompile>
    <ClCompile Include="pokemon.cpp">
      <Filter>src\object</Filter>
    </ClCompile>
    <ClCompile Include="comparator.cpp">
      <Filter>src\stats</Filter>
    </ClCompile>
  </ItemGroup>
  <ItemGroup>
    <Filter Include="src">
      <UniqueIdentifier>{f3f5b01d-66bd-4fd8-8800-6295a5fe31c9}</UniqueIdentifier>
    </Filter>
    <Filter Include="src\object">
      <UniqueIdentifier>{cb8b138c-1704-49ed-911c-5e94c7881141}</UniqueIdentifier>
    </Filter>
    <Filter Include="src\vue">
      <UniqueIdentifier>{62cee553-2dbd-4ec8-b5f7-58f5dd37c06e}</UniqueIdentifier>
    </Filter>
    <Filter Include="src\vue\html">
      <UniqueIdentifier>{8db8f370-58ce-4198-a52a-edfd5ade1181}</UniqueIdentifier>
    </Filter>
    <Filter Include="src\db">
      <UniqueIdentifier>{3b5eb41f-03b3-4e6d-b396-995e77724dfc}</UniqueIdentifier>
    </Filter>
    <Filter Include="src\build">
      <UniqueIdentifier>{73b25345-2d5f-4d32-a8b9-939a63282ecb}</UniqueIdentifier>
    </Filter>
    <Filter Include="src\stats">
      <UniqueIdentifier>{71be0ea4-4179-419a-9c4b-695852a07107}</UniqueIdentifier>
    </Filter>
    <Filter Include="src\adds">
      <UniqueIdentifier>{81117a25-a769-4dee-b3d6-52b04d3c4cfe}</UniqueIdentifier>
    </Filter>
    <Filter Include="src\vue\html\script">
      <UniqueIdentifier>{ba9133ba-24b5-4643-976e-b42eeed8eabf}</UniqueIdentifier>
    </Filter>
  </ItemGroup>
  <ItemGroup>
    <None Include="ajouter.html">
      <Filter>src\vue\html</Filter>
    </None>
    <None Include="fnord.html">
      <Filter>src\vue\html</Filter>
    </None>
    <None Include="index.html">
      <Filter>src\vue\html</Filter>
    </None>
    <None Include="main.css">
      <Filter>src\vue\html</Filter>
    </None>
    <None Include="reset.css">
      <Filter>src\vue\html</Filter>
    </None>
    <None Include="..\build\bin\ajouter.html">
      <Filter>src\build</Filter>
    </None>
    <None Include="..\build\bin\avcodec-53.dll">
      <Filter>src\build</Filter>
    </None>
    <None Include="..\build\bin\avformat-53.dll">
      <Filter>src\build</Filter>
    </None>
    <None Include="..\build\bin\avutil-51.dll">
      <Filter>src\build</Filter>
    </None>
    <None Include="..\build\bin\awesomium.dll">
      <Filter>src\build</Filter>
    </None>
    <None Include="..\build\bin\awesomium_process.exe">
      <Filter>src\build</Filter>
    </None>
    <None Include="..\build\bin\icudt.dll">
      <Filter>src\build</Filter>
    </None>
    <None Include="..\build\bin\index.html">
      <Filter>src\build</Filter>
    </None>
    <None Include="..\build\bin\jquery.js">
      <Filter>src\build</Filter>
    </None>
    <None Include="..\build\bin\json.js">
      <Filter>src\build</Filter>
    </None>
    <None Include="..\build\bin\libEGL.dll">
      <Filter>src\build</Filter>
    </None>
    <None Include="..\build\bin\libGLESv2.dll">
      <Filter>src\build</Filter>
    </None>
    <None Include="..\build\bin\main.css">
      <Filter>src\build</Filter>
    </None>
    <None Include="..\build\bin\main.js">
      <Filter>src\build</Filter>
    </None>
    <None Include="..\build\bin\pokedex.db">
      <Filter>src\build</Filter>
    </None>
    <None Include="..\build\bin\prof phil pokedex.exe">
      <Filter>src\build</Filter>
    </None>
    <None Include="..\build\bin\prof phil pokedex.ilk">
      <Filter>src\build</Filter>
    </None>
    <None Include="..\build\bin\prof phil pokedex.pdb">
      <Filter>src\build</Filter>
    </None>
    <None Include="..\build\bin\reset.css">
      <Filter>src\build</Filter>
    </None>
    <None Include="..\build\bin\xinput9_1_0.dll">
      <Filter>src\build</Filter>
    </None>
    <None Include="comparer.html">
      <Filter>src\vue\html</Filter>
    </None>
    <None Include="comparaison.html">
      <Filter>src\vue\html</Filter>
    </None>
    <None Include="..\common\application_mac.mm">
      <Filter>src\adds</Filter>
    </None>
    <None Include="..\common\view_mac.mm">
      <Filter>src\adds</Filter>
    </None>
    <None Include="json.js">
      <Filter>src\vue\html\script</Filter>
    </None>
    <None Include="jquery.js">
      <Filter>src\vue\html\script</Filter>
    </None>
    <None Include="main.js">
      <Filter>src\vue\html\script</Filter>
    </None>
    <None Include="texte.js">
      <Filter>src\vue\html\script</Filter>
    </None>
    <None Include="pokemon_fonction.js">
      <Filter>src\vue\html\script</Filter>
    </None>
    <None Include="..\build\bin\comparaison.html">
      <Filter>src\build</Filter>
    </None>
    <None Include="..\build\bin\comparer.html">
      <Filter>src\build</Filter>
    </None>
    <None Include="..\build\bin\pokemon_fonction.js">
      <Filter>src\build</Filter>
    </None>
    <None Include="..\build\bin\texte.js">
      <Filter>src\build</Filter>
    </None>
    <None Include="pokedex.db">
      <Filter>src\adds</Filter>
    </None>
  </ItemGroup>
  <ItemGroup>
    <ClInclude Include="nature.h">
      <Filter>src\object</Filter>
    </ClInclude>
    <ClInclude Include="type.h">
      <Filter>src\object</Filter>
    </ClInclude>
    <ClInclude Include="db.h">
      <Filter>src\db</Filter>
    </ClInclude>
    <ClInclude Include="pokemon.h">
      <Filter>src\object</Filter>
    </ClInclude>
    <ClInclude Include="resource.h" />
    <ClInclude Include="comparator.h">
      <Filter>src\stats</Filter>
    </ClInclude>
    <ClInclude Include="json.hpp">
      <Filter>src\adds</Filter>
    </ClInclude>
    <ClInclude Include="..\common\application.h">
      <Filter>src\adds</Filter>
    </ClInclude>
    <ClInclude Include="..\common\js_delegate.h">
      <Filter>src\adds</Filter>
    </ClInclude>
    <ClInclude Include="..\common\method_dispatcher.h">
      <Filter>src\adds</Filter>
    </ClInclude>
    <ClInclude Include="..\common\view.h">
      <Filter>src\adds</Filter>
    </ClInclude>
  </ItemGroup>
  <ItemGroup>
    <ResourceCompile Include="prof phil pokedex.rc" />
  </ItemGroup>
  <ItemGroup>
    <Image Include="ppp.ico" />
  </ItemGroup>
  <ItemGroup>
    <Text Include="..\build\bin\awesomium.log">
      <Filter>src\build</Filter>
    </Text>
  </ItemGroup>
</Project>